// !$*UTF8*$!
{
	archiveVersion = 1;
	classes = {
	};
	objectVersion = 52;
	objects = {

/* Begin PBXBuildFile section */
		0FCF936E26D91C2B0092CC49 /* AppDelegate.swift in Sources */ = {isa = PBXBuildFile; fileRef = 0FCF936D26D91C2B0092CC49 /* AppDelegate.swift */; };
		0FCF937726D91C2D0092CC49 /* Assets.xcassets in Resources */ = {isa = PBXBuildFile; fileRef = 0FCF937626D91C2D0092CC49 /* Assets.xcassets */; };
		0FCF937A26D91C2D0092CC49 /* LaunchScreen.storyboard in Resources */ = {isa = PBXBuildFile; fileRef = 0FCF937826D91C2D0092CC49 /* LaunchScreen.storyboard */; };
		0FCF938526D91C2D0092CC49 /* AlterSolutionsChallengeAppTests.swift in Sources */ = {isa = PBXBuildFile; fileRef = 0FCF938426D91C2D0092CC49 /* AlterSolutionsChallengeAppTests.swift */; };
		0FCF939026D91C2D0092CC49 /* AlterSolutionsChallengeAppUITests.swift in Sources */ = {isa = PBXBuildFile; fileRef = 0FCF938F26D91C2D0092CC49 /* AlterSolutionsChallengeAppUITests.swift */; };
		0FCF939F26D91E2C0092CC49 /* AppCoordinator.swift in Sources */ = {isa = PBXBuildFile; fileRef = 0FCF939E26D91E2C0092CC49 /* AppCoordinator.swift */; };
		0FCF93A126D91E5B0092CC49 /* Environment.swift in Sources */ = {isa = PBXBuildFile; fileRef = 0FCF93A026D91E5B0092CC49 /* Environment.swift */; };
		0FCF93A526D91EC40092CC49 /* Coordinator.swift in Sources */ = {isa = PBXBuildFile; fileRef = 0FCF93A426D91EC40092CC49 /* Coordinator.swift */; };
		0FCF93A826D936260092CC49 /* PokemonListCoordinator.swift in Sources */ = {isa = PBXBuildFile; fileRef = 0FCF93A726D936260092CC49 /* PokemonListCoordinator.swift */; };
		0FCF93AA26D94F010092CC49 /* PokemonListViewControllerDelegate.swift in Sources */ = {isa = PBXBuildFile; fileRef = 0FCF93A926D94F010092CC49 /* PokemonListViewControllerDelegate.swift */; };
		0FCF93AC26D94F3D0092CC49 /* PokemonListViewController.swift in Sources */ = {isa = PBXBuildFile; fileRef = 0FCF93AB26D94F3D0092CC49 /* PokemonListViewController.swift */; };
		0FCF93B026D94FC40092CC49 /* PokemonDetailCoordinator.swift in Sources */ = {isa = PBXBuildFile; fileRef = 0FCF93AF26D94FC40092CC49 /* PokemonDetailCoordinator.swift */; };
		0FCF93B226D94FCD0092CC49 /* PokemonDetailViewControllerDelegate.swift in Sources */ = {isa = PBXBuildFile; fileRef = 0FCF93B126D94FCD0092CC49 /* PokemonDetailViewControllerDelegate.swift */; };
		0FCF93B426D94FD20092CC49 /* PokemonDetailViewController.swift in Sources */ = {isa = PBXBuildFile; fileRef = 0FCF93B326D94FD20092CC49 /* PokemonDetailViewController.swift */; };
		0FCF93B826D950A40092CC49 /* Pokemon.swift in Sources */ = {isa = PBXBuildFile; fileRef = 0FCF93B726D950A40092CC49 /* Pokemon.swift */; };
		0FCF93BA26D950A90092CC49 /* PokemonDetail.swift in Sources */ = {isa = PBXBuildFile; fileRef = 0FCF93B926D950A90092CC49 /* PokemonDetail.swift */; };
		0FCF93BF26D9618C0092CC49 /* ScenesFactoryProtocol.swift in Sources */ = {isa = PBXBuildFile; fileRef = 0FCF93BE26D9618C0092CC49 /* ScenesFactoryProtocol.swift */; };
		0FCF93C126D9618F0092CC49 /* ScenesFactory.swift in Sources */ = {isa = PBXBuildFile; fileRef = 0FCF93C026D9618F0092CC49 /* ScenesFactory.swift */; };
		0FCF93C426D9C3170092CC49 /* AlterSolutionsChallengeCore in Frameworks */ = {isa = PBXBuildFile; productRef = 0FCF93C326D9C3170092CC49 /* AlterSolutionsChallengeCore */; };
		0FCF93C726DA68150092CC49 /* Kingfisher in Frameworks */ = {isa = PBXBuildFile; productRef = 0FCF93C626DA68150092CC49 /* Kingfisher */; };
		0FCF93CB26DA7E520092CC49 /* AlterSolutionsChallengeAppDependencies.swift in Sources */ = {isa = PBXBuildFile; fileRef = 0FCF93CA26DA7E520092CC49 /* AlterSolutionsChallengeAppDependencies.swift */; };
		0FCF93CE26DAF9680092CC49 /* ViewState.swift in Sources */ = {isa = PBXBuildFile; fileRef = 0FCF93CD26DAF9680092CC49 /* ViewState.swift */; };
		0FCF93D126DAF9E70092CC49 /* BaseNavigationViewController.swift in Sources */ = {isa = PBXBuildFile; fileRef = 0FCF93D026DAF9E70092CC49 /* BaseNavigationViewController.swift */; };
		0FCF93D326DAFAFF0092CC49 /* BaseViewController.swift in Sources */ = {isa = PBXBuildFile; fileRef = 0FCF93D226DAFAFF0092CC49 /* BaseViewController.swift */; };
		0FCF93D626DC26F60092CC49 /* RxSwift in Frameworks */ = {isa = PBXBuildFile; productRef = 0FCF93D526DC26F60092CC49 /* RxSwift */; };
		0FCF93D826DC270E0092CC49 /* PokemonListViewModel.swift in Sources */ = {isa = PBXBuildFile; fileRef = 0FCF93D726DC270E0092CC49 /* PokemonListViewModel.swift */; };
		0FCF93DB26DC27E90092CC49 /* ImageDownloadProtocol.swift in Sources */ = {isa = PBXBuildFile; fileRef = 0FCF93DA26DC27E90092CC49 /* ImageDownloadProtocol.swift */; };
		0FCF93DE26DC28380092CC49 /* KingfisherImageDownloader.swift in Sources */ = {isa = PBXBuildFile; fileRef = 0FCF93DD26DC28380092CC49 /* KingfisherImageDownloader.swift */; };
		0FCF93E126DC2BDD0092CC49 /* PokemonResponse.swift in Sources */ = {isa = PBXBuildFile; fileRef = 0FCF93E026DC2BDD0092CC49 /* PokemonResponse.swift */; };
		0FCF93EA26DC2C090092CC49 /* ListUseCase.swift in Sources */ = {isa = PBXBuildFile; fileRef = 0FCF93E526DC2C090092CC49 /* ListUseCase.swift */; };
		0FCF93EB26DC2C090092CC49 /* ListUseCaseProtocol.swift in Sources */ = {isa = PBXBuildFile; fileRef = 0FCF93E626DC2C090092CC49 /* ListUseCaseProtocol.swift */; };
		0FCF93EC26DC2C090092CC49 /* DetailUseCaseProtocol.swift in Sources */ = {isa = PBXBuildFile; fileRef = 0FCF93E826DC2C090092CC49 /* DetailUseCaseProtocol.swift */; };
		0FCF93ED26DC2C090092CC49 /* DetailUseCase.swift in Sources */ = {isa = PBXBuildFile; fileRef = 0FCF93E926DC2C090092CC49 /* DetailUseCase.swift */; };
		0FCF93F126DC32250092CC49 /* PokemonDetailResponse.swift in Sources */ = {isa = PBXBuildFile; fileRef = 0FCF93F026DC32250092CC49 /* PokemonDetailResponse.swift */; };
		0FCF93F626DC32B50092CC49 /* Constants.swift in Sources */ = {isa = PBXBuildFile; fileRef = 0FCF93F526DC32B50092CC49 /* Constants.swift */; };
		0FCF93F926DC34420092CC49 /* String+extensions.swift in Sources */ = {isa = PBXBuildFile; fileRef = 0FCF93F826DC34420092CC49 /* String+extensions.swift */; };
		0FCF93FD26DC35A20092CC49 /* AlterSolutionsChallengeAppExtensionsTests.swift in Sources */ = {isa = PBXBuildFile; fileRef = 0FCF93FC26DC35A20092CC49 /* AlterSolutionsChallengeAppExtensionsTests.swift */; };
		0FCF93FF26DC3AB90092CC49 /* UIColor+extensions.swift in Sources */ = {isa = PBXBuildFile; fileRef = 0FCF93FE26DC3AB90092CC49 /* UIColor+extensions.swift */; };
		0FCF940126DC3D310092CC49 /* UIView+extensions.swift in Sources */ = {isa = PBXBuildFile; fileRef = 0FCF940026DC3D310092CC49 /* UIView+extensions.swift */; };
		0FCF940326DC3DFB0092CC49 /* Metrics.swift in Sources */ = {isa = PBXBuildFile; fileRef = 0FCF940226DC3DFB0092CC49 /* Metrics.swift */; };
		0FCF940626DC51B70092CC49 /* StateView.swift in Sources */ = {isa = PBXBuildFile; fileRef = 0FCF940526DC51B70092CC49 /* StateView.swift */; };
		0FCF940826DC58AB0092CC49 /* UIButton+extensions.swift in Sources */ = {isa = PBXBuildFile; fileRef = 0FCF940726DC58AB0092CC49 /* UIButton+extensions.swift */; };
		0FCF940F26DD04A50092CC49 /* PokemonListCollectionViewFlowLayout.swift in Sources */ = {isa = PBXBuildFile; fileRef = 0FCF940E26DD04A50092CC49 /* PokemonListCollectionViewFlowLayout.swift */; };
		0FCF941126DD0A8D0092CC49 /* PokemonListCell.swift in Sources */ = {isa = PBXBuildFile; fileRef = 0FCF941026DD0A8D0092CC49 /* PokemonListCell.swift */; };
		0FCF941326DD12560092CC49 /* UIImage+extensions.swift in Sources */ = {isa = PBXBuildFile; fileRef = 0FCF941226DD12560092CC49 /* UIImage+extensions.swift */; };
		0FCF941526DD16AC0092CC49 /* UIImageView+extensions.swift in Sources */ = {isa = PBXBuildFile; fileRef = 0FCF941426DD16AC0092CC49 /* UIImageView+extensions.swift */; };
		0FCF941726DD1AE60092CC49 /* PokemonDetailViewModel.swift in Sources */ = {isa = PBXBuildFile; fileRef = 0FCF941626DD1AE60092CC49 /* PokemonDetailViewModel.swift */; };
		0FCF941B26DD4A610092CC49 /* PokemonDetailDescriptionView.swift in Sources */ = {isa = PBXBuildFile; fileRef = 0FCF941A26DD4A610092CC49 /* PokemonDetailDescriptionView.swift */; };
		0FCF941E26DD50AE0092CC49 /* ListableDataView.swift in Sources */ = {isa = PBXBuildFile; fileRef = 0FCF941D26DD50AE0092CC49 /* ListableDataView.swift */; };
		0FCF942326DE4F780092CC49 /* PokemonListServiceProtocol.swift in Sources */ = {isa = PBXBuildFile; fileRef = 0FCF942226DE4F780092CC49 /* PokemonListServiceProtocol.swift */; };
		0FCF942526DE4F7E0092CC49 /* PokemonListService.swift in Sources */ = {isa = PBXBuildFile; fileRef = 0FCF942426DE4F7E0092CC49 /* PokemonListService.swift */; };
		0FCF942A26DE53270092CC49 /* PokemonListRequest.swift in Sources */ = {isa = PBXBuildFile; fileRef = 0FCF942926DE53270092CC49 /* PokemonListRequest.swift */; };
		0FCF942E26DEA1390092CC49 /* LoadingFooterView.swift in Sources */ = {isa = PBXBuildFile; fileRef = 0FCF942D26DEA1390092CC49 /* LoadingFooterView.swift */; };
		0FCF943226DEB0BA0092CC49 /* PokemonFavedListServiceProtocol.swift in Sources */ = {isa = PBXBuildFile; fileRef = 0FCF943126DEB0BA0092CC49 /* PokemonFavedListServiceProtocol.swift */; };
		0FCF943426DEB0BF0092CC49 /* PokemonFavedListService.swift in Sources */ = {isa = PBXBuildFile; fileRef = 0FCF943326DEB0BF0092CC49 /* PokemonFavedListService.swift */; };
		0FCF943626DEB2250092CC49 /* PokemonDetailRequest.swift in Sources */ = {isa = PBXBuildFile; fileRef = 0FCF943526DEB2250092CC49 /* PokemonDetailRequest.swift */; };
		0FCF943826DEB2CC0092CC49 /* PokemonDetailServiceProtocol.swift in Sources */ = {isa = PBXBuildFile; fileRef = 0FCF943726DEB2CC0092CC49 /* PokemonDetailServiceProtocol.swift */; };
		0FCF943A26DEB2D20092CC49 /* PokemonDetailService.swift in Sources */ = {isa = PBXBuildFile; fileRef = 0FCF943926DEB2D20092CC49 /* PokemonDetailService.swift */; };
		0FCF943F26DEB6D00092CC49 /* Notification+extensions.swift in Sources */ = {isa = PBXBuildFile; fileRef = 0FCF943E26DEB6D00092CC49 /* Notification+extensions.swift */; };
/* End PBXBuildFile section */

/* Begin PBXContainerItemProxy section */
		0FCF938126D91C2D0092CC49 /* PBXContainerItemProxy */ = {
			isa = PBXContainerItemProxy;
			containerPortal = 0FCF936226D91C2B0092CC49 /* Project object */;
			proxyType = 1;
			remoteGlobalIDString = 0FCF936926D91C2B0092CC49;
			remoteInfo = AlterSolutionsChallengeApp;
		};
		0FCF938C26D91C2D0092CC49 /* PBXContainerItemProxy */ = {
			isa = PBXContainerItemProxy;
			containerPortal = 0FCF936226D91C2B0092CC49 /* Project object */;
			proxyType = 1;
			remoteGlobalIDString = 0FCF936926D91C2B0092CC49;
			remoteInfo = AlterSolutionsChallengeApp;
		};
/* End PBXContainerItemProxy section */

/* Begin PBXFileReference section */
		0FCF936A26D91C2B0092CC49 /* AlterSolutionsChallengeApp.app */ = {isa = PBXFileReference; explicitFileType = wrapper.application; includeInIndex = 0; path = AlterSolutionsChallengeApp.app; sourceTree = BUILT_PRODUCTS_DIR; };
		0FCF936D26D91C2B0092CC49 /* AppDelegate.swift */ = {isa = PBXFileReference; lastKnownFileType = sourcecode.swift; path = AppDelegate.swift; sourceTree = "<group>"; };
		0FCF937626D91C2D0092CC49 /* Assets.xcassets */ = {isa = PBXFileReference; lastKnownFileType = folder.assetcatalog; path = Assets.xcassets; sourceTree = "<group>"; };
		0FCF937926D91C2D0092CC49 /* Base */ = {isa = PBXFileReference; lastKnownFileType = file.storyboard; name = Base; path = Base.lproj/LaunchScreen.storyboard; sourceTree = "<group>"; };
		0FCF937B26D91C2D0092CC49 /* Info.plist */ = {isa = PBXFileReference; lastKnownFileType = text.plist.xml; path = Info.plist; sourceTree = "<group>"; };
		0FCF938026D91C2D0092CC49 /* AlterSolutionsChallengeAppTests.xctest */ = {isa = PBXFileReference; explicitFileType = wrapper.cfbundle; includeInIndex = 0; path = AlterSolutionsChallengeAppTests.xctest; sourceTree = BUILT_PRODUCTS_DIR; };
		0FCF938426D91C2D0092CC49 /* AlterSolutionsChallengeAppTests.swift */ = {isa = PBXFileReference; lastKnownFileType = sourcecode.swift; path = AlterSolutionsChallengeAppTests.swift; sourceTree = "<group>"; };
		0FCF938626D91C2D0092CC49 /* Info.plist */ = {isa = PBXFileReference; lastKnownFileType = text.plist.xml; path = Info.plist; sourceTree = "<group>"; };
		0FCF938B26D91C2D0092CC49 /* AlterSolutionsChallengeAppUITests.xctest */ = {isa = PBXFileReference; explicitFileType = wrapper.cfbundle; includeInIndex = 0; path = AlterSolutionsChallengeAppUITests.xctest; sourceTree = BUILT_PRODUCTS_DIR; };
		0FCF938F26D91C2D0092CC49 /* AlterSolutionsChallengeAppUITests.swift */ = {isa = PBXFileReference; lastKnownFileType = sourcecode.swift; path = AlterSolutionsChallengeAppUITests.swift; sourceTree = "<group>"; };
		0FCF939126D91C2D0092CC49 /* Info.plist */ = {isa = PBXFileReference; lastKnownFileType = text.plist.xml; path = Info.plist; sourceTree = "<group>"; };
		0FCF939E26D91E2C0092CC49 /* AppCoordinator.swift */ = {isa = PBXFileReference; lastKnownFileType = sourcecode.swift; path = AppCoordinator.swift; sourceTree = "<group>"; };
		0FCF93A026D91E5B0092CC49 /* Environment.swift */ = {isa = PBXFileReference; lastKnownFileType = sourcecode.swift; path = Environment.swift; sourceTree = "<group>"; };
		0FCF93A426D91EC40092CC49 /* Coordinator.swift */ = {isa = PBXFileReference; lastKnownFileType = sourcecode.swift; path = Coordinator.swift; sourceTree = "<group>"; };
		0FCF93A726D936260092CC49 /* PokemonListCoordinator.swift */ = {isa = PBXFileReference; lastKnownFileType = sourcecode.swift; path = PokemonListCoordinator.swift; sourceTree = "<group>"; };
		0FCF93A926D94F010092CC49 /* PokemonListViewControllerDelegate.swift */ = {isa = PBXFileReference; lastKnownFileType = sourcecode.swift; path = PokemonListViewControllerDelegate.swift; sourceTree = "<group>"; };
		0FCF93AB26D94F3D0092CC49 /* PokemonListViewController.swift */ = {isa = PBXFileReference; lastKnownFileType = sourcecode.swift; path = PokemonListViewController.swift; sourceTree = "<group>"; };
		0FCF93AF26D94FC40092CC49 /* PokemonDetailCoordinator.swift */ = {isa = PBXFileReference; lastKnownFileType = sourcecode.swift; path = PokemonDetailCoordinator.swift; sourceTree = "<group>"; };
		0FCF93B126D94FCD0092CC49 /* PokemonDetailViewControllerDelegate.swift */ = {isa = PBXFileReference; lastKnownFileType = sourcecode.swift; path = PokemonDetailViewControllerDelegate.swift; sourceTree = "<group>"; };
		0FCF93B326D94FD20092CC49 /* PokemonDetailViewController.swift */ = {isa = PBXFileReference; lastKnownFileType = sourcecode.swift; path = PokemonDetailViewController.swift; sourceTree = "<group>"; };
		0FCF93B726D950A40092CC49 /* Pokemon.swift */ = {isa = PBXFileReference; lastKnownFileType = sourcecode.swift; path = Pokemon.swift; sourceTree = "<group>"; };
		0FCF93B926D950A90092CC49 /* PokemonDetail.swift */ = {isa = PBXFileReference; lastKnownFileType = sourcecode.swift; path = PokemonDetail.swift; sourceTree = "<group>"; };
		0FCF93BE26D9618C0092CC49 /* ScenesFactoryProtocol.swift */ = {isa = PBXFileReference; lastKnownFileType = sourcecode.swift; path = ScenesFactoryProtocol.swift; sourceTree = "<group>"; };
		0FCF93C026D9618F0092CC49 /* ScenesFactory.swift */ = {isa = PBXFileReference; lastKnownFileType = sourcecode.swift; path = ScenesFactory.swift; sourceTree = "<group>"; };
		0FCF93CA26DA7E520092CC49 /* AlterSolutionsChallengeAppDependencies.swift */ = {isa = PBXFileReference; lastKnownFileType = sourcecode.swift; path = AlterSolutionsChallengeAppDependencies.swift; sourceTree = "<group>"; };
		0FCF93CD26DAF9680092CC49 /* ViewState.swift */ = {isa = PBXFileReference; lastKnownFileType = sourcecode.swift; path = ViewState.swift; sourceTree = "<group>"; };
		0FCF93D026DAF9E70092CC49 /* BaseNavigationViewController.swift */ = {isa = PBXFileReference; lastKnownFileType = sourcecode.swift; path = BaseNavigationViewController.swift; sourceTree = "<group>"; };
		0FCF93D226DAFAFF0092CC49 /* BaseViewController.swift */ = {isa = PBXFileReference; lastKnownFileType = sourcecode.swift; path = BaseViewController.swift; sourceTree = "<group>"; };
		0FCF93D726DC270E0092CC49 /* PokemonListViewModel.swift */ = {isa = PBXFileReference; lastKnownFileType = sourcecode.swift; path = PokemonListViewModel.swift; sourceTree = "<group>"; };
		0FCF93DA26DC27E90092CC49 /* ImageDownloadProtocol.swift */ = {isa = PBXFileReference; lastKnownFileType = sourcecode.swift; path = ImageDownloadProtocol.swift; sourceTree = "<group>"; };
		0FCF93DD26DC28380092CC49 /* KingfisherImageDownloader.swift */ = {isa = PBXFileReference; lastKnownFileType = sourcecode.swift; path = KingfisherImageDownloader.swift; sourceTree = "<group>"; };
		0FCF93E026DC2BDD0092CC49 /* PokemonResponse.swift */ = {isa = PBXFileReference; lastKnownFileType = sourcecode.swift; path = PokemonResponse.swift; sourceTree = "<group>"; };
		0FCF93E526DC2C090092CC49 /* ListUseCase.swift */ = {isa = PBXFileReference; fileEncoding = 4; lastKnownFileType = sourcecode.swift; path = ListUseCase.swift; sourceTree = "<group>"; };
		0FCF93E626DC2C090092CC49 /* ListUseCaseProtocol.swift */ = {isa = PBXFileReference; fileEncoding = 4; lastKnownFileType = sourcecode.swift; path = ListUseCaseProtocol.swift; sourceTree = "<group>"; };
		0FCF93E826DC2C090092CC49 /* DetailUseCaseProtocol.swift */ = {isa = PBXFileReference; fileEncoding = 4; lastKnownFileType = sourcecode.swift; path = DetailUseCaseProtocol.swift; sourceTree = "<group>"; };
		0FCF93E926DC2C090092CC49 /* DetailUseCase.swift */ = {isa = PBXFileReference; fileEncoding = 4; lastKnownFileType = sourcecode.swift; path = DetailUseCase.swift; sourceTree = "<group>"; };
		0FCF93F026DC32250092CC49 /* PokemonDetailResponse.swift */ = {isa = PBXFileReference; lastKnownFileType = sourcecode.swift; path = PokemonDetailResponse.swift; sourceTree = "<group>"; };
		0FCF93F526DC32B50092CC49 /* Constants.swift */ = {isa = PBXFileReference; lastKnownFileType = sourcecode.swift; path = Constants.swift; sourceTree = "<group>"; };
		0FCF93F826DC34420092CC49 /* String+extensions.swift */ = {isa = PBXFileReference; lastKnownFileType = sourcecode.swift; path = "String+extensions.swift"; sourceTree = "<group>"; };
		0FCF93FC26DC35A20092CC49 /* AlterSolutionsChallengeAppExtensionsTests.swift */ = {isa = PBXFileReference; lastKnownFileType = sourcecode.swift; path = AlterSolutionsChallengeAppExtensionsTests.swift; sourceTree = "<group>"; };
		0FCF93FE26DC3AB90092CC49 /* UIColor+extensions.swift */ = {isa = PBXFileReference; lastKnownFileType = sourcecode.swift; path = "UIColor+extensions.swift"; sourceTree = "<group>"; };
		0FCF940026DC3D310092CC49 /* UIView+extensions.swift */ = {isa = PBXFileReference; lastKnownFileType = sourcecode.swift; path = "UIView+extensions.swift"; sourceTree = "<group>"; };
		0FCF940226DC3DFB0092CC49 /* Metrics.swift */ = {isa = PBXFileReference; lastKnownFileType = sourcecode.swift; path = Metrics.swift; sourceTree = "<group>"; };
		0FCF940526DC51B70092CC49 /* StateView.swift */ = {isa = PBXFileReference; lastKnownFileType = sourcecode.swift; path = StateView.swift; sourceTree = "<group>"; };
		0FCF940726DC58AB0092CC49 /* UIButton+extensions.swift */ = {isa = PBXFileReference; lastKnownFileType = sourcecode.swift; path = "UIButton+extensions.swift"; sourceTree = "<group>"; };
		0FCF940E26DD04A50092CC49 /* PokemonListCollectionViewFlowLayout.swift */ = {isa = PBXFileReference; lastKnownFileType = sourcecode.swift; path = PokemonListCollectionViewFlowLayout.swift; sourceTree = "<group>"; };
		0FCF941026DD0A8D0092CC49 /* PokemonListCell.swift */ = {isa = PBXFileReference; lastKnownFileType = sourcecode.swift; path = PokemonListCell.swift; sourceTree = "<group>"; };
		0FCF941226DD12560092CC49 /* UIImage+extensions.swift */ = {isa = PBXFileReference; lastKnownFileType = sourcecode.swift; path = "UIImage+extensions.swift"; sourceTree = "<group>"; };
		0FCF941426DD16AC0092CC49 /* UIImageView+extensions.swift */ = {isa = PBXFileReference; lastKnownFileType = sourcecode.swift; path = "UIImageView+extensions.swift"; sourceTree = "<group>"; };
		0FCF941626DD1AE60092CC49 /* PokemonDetailViewModel.swift */ = {isa = PBXFileReference; lastKnownFileType = sourcecode.swift; path = PokemonDetailViewModel.swift; sourceTree = "<group>"; };
		0FCF941A26DD4A610092CC49 /* PokemonDetailDescriptionView.swift */ = {isa = PBXFileReference; lastKnownFileType = sourcecode.swift; path = PokemonDetailDescriptionView.swift; sourceTree = "<group>"; };
		0FCF941D26DD50AE0092CC49 /* ListableDataView.swift */ = {isa = PBXFileReference; lastKnownFileType = sourcecode.swift; path = ListableDataView.swift; sourceTree = "<group>"; };
		0FCF942226DE4F780092CC49 /* PokemonListServiceProtocol.swift */ = {isa = PBXFileReference; lastKnownFileType = sourcecode.swift; path = PokemonListServiceProtocol.swift; sourceTree = "<group>"; };
		0FCF942426DE4F7E0092CC49 /* PokemonListService.swift */ = {isa = PBXFileReference; lastKnownFileType = sourcecode.swift; path = PokemonListService.swift; sourceTree = "<group>"; };
		0FCF942926DE53270092CC49 /* PokemonListRequest.swift */ = {isa = PBXFileReference; lastKnownFileType = sourcecode.swift; path = PokemonListRequest.swift; sourceTree = "<group>"; };
		0FCF942D26DEA1390092CC49 /* LoadingFooterView.swift */ = {isa = PBXFileReference; lastKnownFileType = sourcecode.swift; path = LoadingFooterView.swift; sourceTree = "<group>"; };
		0FCF943126DEB0BA0092CC49 /* PokemonFavedListServiceProtocol.swift */ = {isa = PBXFileReference; lastKnownFileType = sourcecode.swift; path = PokemonFavedListServiceProtocol.swift; sourceTree = "<group>"; };
		0FCF943326DEB0BF0092CC49 /* PokemonFavedListService.swift */ = {isa = PBXFileReference; lastKnownFileType = sourcecode.swift; path = PokemonFavedListService.swift; sourceTree = "<group>"; };
		0FCF943526DEB2250092CC49 /* PokemonDetailRequest.swift */ = {isa = PBXFileReference; lastKnownFileType = sourcecode.swift; path = PokemonDetailRequest.swift; sourceTree = "<group>"; };
		0FCF943726DEB2CC0092CC49 /* PokemonDetailServiceProtocol.swift */ = {isa = PBXFileReference; lastKnownFileType = sourcecode.swift; path = PokemonDetailServiceProtocol.swift; sourceTree = "<group>"; };
		0FCF943926DEB2D20092CC49 /* PokemonDetailService.swift */ = {isa = PBXFileReference; lastKnownFileType = sourcecode.swift; path = PokemonDetailService.swift; sourceTree = "<group>"; };
		0FCF943E26DEB6D00092CC49 /* Notification+extensions.swift */ = {isa = PBXFileReference; lastKnownFileType = sourcecode.swift; path = "Notification+extensions.swift"; sourceTree = "<group>"; };
/* End PBXFileReference section */

/* Begin PBXFrameworksBuildPhase section */
		0FCF936726D91C2B0092CC49 /* Frameworks */ = {
			isa = PBXFrameworksBuildPhase;
			buildActionMask = 2147483647;
			files = (
				0FCF93D626DC26F60092CC49 /* RxSwift in Frameworks */,
				0FCF93C726DA68150092CC49 /* Kingfisher in Frameworks */,
				0FCF93C426D9C3170092CC49 /* AlterSolutionsChallengeCore in Frameworks */,
			);
			runOnlyForDeploymentPostprocessing = 0;
		};
		0FCF937D26D91C2D0092CC49 /* Frameworks */ = {
			isa = PBXFrameworksBuildPhase;
			buildActionMask = 2147483647;
			files = (
			);
			runOnlyForDeploymentPostprocessing = 0;
		};
		0FCF938826D91C2D0092CC49 /* Frameworks */ = {
			isa = PBXFrameworksBuildPhase;
			buildActionMask = 2147483647;
			files = (
			);
			runOnlyForDeploymentPostprocessing = 0;
		};
/* End PBXFrameworksBuildPhase section */

/* Begin PBXGroup section */
		0FCF936126D91C2B0092CC49 = {
			isa = PBXGroup;
			children = (
				0FCF936C26D91C2B0092CC49 /* AlterSolutionsChallengeApp */,
				0FCF938326D91C2D0092CC49 /* AlterSolutionsChallengeAppTests */,
				0FCF938E26D91C2D0092CC49 /* AlterSolutionsChallengeAppUITests */,
				0FCF936B26D91C2B0092CC49 /* Products */,
			);
			sourceTree = "<group>";
		};
		0FCF936B26D91C2B0092CC49 /* Products */ = {
			isa = PBXGroup;
			children = (
				0FCF936A26D91C2B0092CC49 /* AlterSolutionsChallengeApp.app */,
				0FCF938026D91C2D0092CC49 /* AlterSolutionsChallengeAppTests.xctest */,
				0FCF938B26D91C2D0092CC49 /* AlterSolutionsChallengeAppUITests.xctest */,
			);
			name = Products;
			sourceTree = "<group>";
		};
		0FCF936C26D91C2B0092CC49 /* AlterSolutionsChallengeApp */ = {
			isa = PBXGroup;
			children = (
				0FCF93DC26DC282E0092CC49 /* Network */,
				0FCF93C926DA7E3E0092CC49 /* DependencyInjection */,
				0FCF93A626D936100092CC49 /* Scenes */,
				0FCF93A226D91EB80092CC49 /* Commons */,
				0FCF939D26D91E200092CC49 /* Application */,
				0FCF937626D91C2D0092CC49 /* Assets.xcassets */,
				0FCF937826D91C2D0092CC49 /* LaunchScreen.storyboard */,
			);
			path = AlterSolutionsChallengeApp;
			sourceTree = "<group>";
		};
		0FCF938326D91C2D0092CC49 /* AlterSolutionsChallengeAppTests */ = {
			isa = PBXGroup;
			children = (
				0FCF938426D91C2D0092CC49 /* AlterSolutionsChallengeAppTests.swift */,
				0FCF938626D91C2D0092CC49 /* Info.plist */,
				0FCF93FC26DC35A20092CC49 /* AlterSolutionsChallengeAppExtensionsTests.swift */,
			);
			path = AlterSolutionsChallengeAppTests;
			sourceTree = "<group>";
		};
		0FCF938E26D91C2D0092CC49 /* AlterSolutionsChallengeAppUITests */ = {
			isa = PBXGroup;
			children = (
				0FCF938F26D91C2D0092CC49 /* AlterSolutionsChallengeAppUITests.swift */,
				0FCF939126D91C2D0092CC49 /* Info.plist */,
			);
			path = AlterSolutionsChallengeAppUITests;
			sourceTree = "<group>";
		};
		0FCF939D26D91E200092CC49 /* Application */ = {
			isa = PBXGroup;
			children = (
				0FCF936D26D91C2B0092CC49 /* AppDelegate.swift */,
				0FCF937B26D91C2D0092CC49 /* Info.plist */,
				0FCF939E26D91E2C0092CC49 /* AppCoordinator.swift */,
				0FCF93A026D91E5B0092CC49 /* Environment.swift */,
			);
			path = Application;
			sourceTree = "<group>";
		};
		0FCF93A226D91EB80092CC49 /* Commons */ = {
			isa = PBXGroup;
			children = (
				0FCF940426DC51AA0092CC49 /* Components */,
				0FCF93F726DC343A0092CC49 /* Extensions */,
				0FCF93F226DC32A40092CC49 /* Constants */,
				0FCF93D926DC27E00092CC49 /* Protocols */,
				0FCF93CF26DAF9900092CC49 /* Bases */,
				0FCF93CC26DAF95F0092CC49 /* Enums */,
				0FCF93BC26D961740092CC49 /* Factory */,
				0FCF93B526D950990092CC49 /* Models */,
				0FCF93A326D91EBA0092CC49 /* Coordinator */,
			);
			path = Commons;
			sourceTree = "<group>";
		};
		0FCF93A326D91EBA0092CC49 /* Coordinator */ = {
			isa = PBXGroup;
			children = (
				0FCF93A426D91EC40092CC49 /* Coordinator.swift */,
			);
			path = Coordinator;
			sourceTree = "<group>";
		};
		0FCF93A626D936100092CC49 /* Scenes */ = {
			isa = PBXGroup;
			children = (
				0FCF93AE26D94FB80092CC49 /* PokemonDetail */,
				0FCF93AD26D94FB00092CC49 /* PokemonList */,
			);
			path = Scenes;
			sourceTree = "<group>";
		};
		0FCF93AD26D94FB00092CC49 /* PokemonList */ = {
			isa = PBXGroup;
			children = (
				0FCF940B26DD046C0092CC49 /* Coordinator */,
				0FCF940A26DD04610092CC49 /* Controller */,
				0FCF940926DD04580092CC49 /* ViewModel */,
			);
			path = PokemonList;
			sourceTree = "<group>";
		};
		0FCF93AE26D94FB80092CC49 /* PokemonDetail */ = {
			isa = PBXGroup;
			children = (
				0FCF941926DD4A3B0092CC49 /* Views */,
				0FCF943D26DEB6710092CC49 /* Coordinator */,
				0FCF943C26DEB6690092CC49 /* Controller */,
				0FCF943B26DEB65D0092CC49 /* ViewModel */,
			);
			path = PokemonDetail;
			sourceTree = "<group>";
		};
		0FCF93B526D950990092CC49 /* Models */ = {
			isa = PBXGroup;
			children = (
				0FCF93BB26D950AD0092CC49 /* Views */,
			);
			path = Models;
			sourceTree = "<group>";
		};
		0FCF93BB26D950AD0092CC49 /* Views */ = {
			isa = PBXGroup;
			children = (
				0FCF93B726D950A40092CC49 /* Pokemon.swift */,
				0FCF93B926D950A90092CC49 /* PokemonDetail.swift */,
			);
			path = Views;
			sourceTree = "<group>";
		};
		0FCF93BC26D961740092CC49 /* Factory */ = {
			isa = PBXGroup;
			children = (
				0FCF93BD26D9617B0092CC49 /* Scenes */,
			);
			path = Factory;
			sourceTree = "<group>";
		};
		0FCF93BD26D9617B0092CC49 /* Scenes */ = {
			isa = PBXGroup;
			children = (
				0FCF93BE26D9618C0092CC49 /* ScenesFactoryProtocol.swift */,
				0FCF93C026D9618F0092CC49 /* ScenesFactory.swift */,
			);
			path = Scenes;
			sourceTree = "<group>";
		};
		0FCF93C926DA7E3E0092CC49 /* DependencyInjection */ = {
			isa = PBXGroup;
			children = (
				0FCF93CA26DA7E520092CC49 /* AlterSolutionsChallengeAppDependencies.swift */,
			);
			path = DependencyInjection;
			sourceTree = "<group>";
		};
		0FCF93CC26DAF95F0092CC49 /* Enums */ = {
			isa = PBXGroup;
			children = (
				0FCF93CD26DAF9680092CC49 /* ViewState.swift */,
				0FCF940226DC3DFB0092CC49 /* Metrics.swift */,
			);
			path = Enums;
			sourceTree = "<group>";
		};
		0FCF93CF26DAF9900092CC49 /* Bases */ = {
			isa = PBXGroup;
			children = (
				0FCF93D026DAF9E70092CC49 /* BaseNavigationViewController.swift */,
				0FCF93D226DAFAFF0092CC49 /* BaseViewController.swift */,
			);
			path = Bases;
			sourceTree = "<group>";
		};
		0FCF93D926DC27E00092CC49 /* Protocols */ = {
			isa = PBXGroup;
			children = (
				0FCF93DA26DC27E90092CC49 /* ImageDownloadProtocol.swift */,
			);
			path = Protocols;
			sourceTree = "<group>";
		};
		0FCF93DC26DC282E0092CC49 /* Network */ = {
			isa = PBXGroup;
			children = (
				0FCF942626DE53150092CC49 /* Requests */,
				0FCF941F26DE4F660092CC49 /* Services */,
				0FCF93E226DC2BF90092CC49 /* UseCases */,
				0FCF93DF26DC2BD40092CC49 /* Responses */,
				0FCF93DD26DC28380092CC49 /* KingfisherImageDownloader.swift */,
			);
			path = Network;
			sourceTree = "<group>";
		};
		0FCF93DF26DC2BD40092CC49 /* Responses */ = {
			isa = PBXGroup;
			children = (
				0FCF93E026DC2BDD0092CC49 /* PokemonResponse.swift */,
				0FCF93F026DC32250092CC49 /* PokemonDetailResponse.swift */,
			);
			path = Responses;
			sourceTree = "<group>";
		};
		0FCF93E226DC2BF90092CC49 /* UseCases */ = {
			isa = PBXGroup;
			children = (
				0FCF93E726DC2C090092CC49 /* Detail */,
				0FCF93E426DC2C090092CC49 /* List */,
			);
			path = UseCases;
			sourceTree = "<group>";
		};
		0FCF93E426DC2C090092CC49 /* List */ = {
			isa = PBXGroup;
			children = (
				0FCF93E526DC2C090092CC49 /* ListUseCase.swift */,
				0FCF93E626DC2C090092CC49 /* ListUseCaseProtocol.swift */,
			);
			path = List;
			sourceTree = "<group>";
		};
		0FCF93E726DC2C090092CC49 /* Detail */ = {
			isa = PBXGroup;
			children = (
				0FCF93E826DC2C090092CC49 /* DetailUseCaseProtocol.swift */,
				0FCF93E926DC2C090092CC49 /* DetailUseCase.swift */,
			);
			path = Detail;
			sourceTree = "<group>";
		};
		0FCF93F226DC32A40092CC49 /* Constants */ = {
			isa = PBXGroup;
			children = (
				0FCF93F526DC32B50092CC49 /* Constants.swift */,
			);
			path = Constants;
			sourceTree = "<group>";
		};
		0FCF93F726DC343A0092CC49 /* Extensions */ = {
			isa = PBXGroup;
			children = (
				0FCF93F826DC34420092CC49 /* String+extensions.swift */,
				0FCF93FE26DC3AB90092CC49 /* UIColor+extensions.swift */,
				0FCF940026DC3D310092CC49 /* UIView+extensions.swift */,
				0FCF940726DC58AB0092CC49 /* UIButton+extensions.swift */,
				0FCF941226DD12560092CC49 /* UIImage+extensions.swift */,
				0FCF941426DD16AC0092CC49 /* UIImageView+extensions.swift */,
				0FCF943E26DEB6D00092CC49 /* Notification+extensions.swift */,
			);
			path = Extensions;
			sourceTree = "<group>";
		};
		0FCF940426DC51AA0092CC49 /* Components */ = {
			isa = PBXGroup;
			children = (
				0FCF940526DC51B70092CC49 /* StateView.swift */,
				0FCF941D26DD50AE0092CC49 /* ListableDataView.swift */,
				0FCF942D26DEA1390092CC49 /* LoadingFooterView.swift */,
			);
			path = Components;
			sourceTree = "<group>";
		};
		0FCF940926DD04580092CC49 /* ViewModel */ = {
			isa = PBXGroup;
			children = (
				0FCF93D726DC270E0092CC49 /* PokemonListViewModel.swift */,
			);
			path = ViewModel;
			sourceTree = "<group>";
		};
		0FCF940A26DD04610092CC49 /* Controller */ = {
			isa = PBXGroup;
			children = (
				0FCF940D26DD048E0092CC49 /* UI */,
				0FCF940C26DD04850092CC49 /* Cell */,
				0FCF93A926D94F010092CC49 /* PokemonListViewControllerDelegate.swift */,
				0FCF93AB26D94F3D0092CC49 /* PokemonListViewController.swift */,
			);
			path = Controller;
			sourceTree = "<group>";
		};
		0FCF940B26DD046C0092CC49 /* Coordinator */ = {
			isa = PBXGroup;
			children = (
				0FCF93A726D936260092CC49 /* PokemonListCoordinator.swift */,
			);
			path = Coordinator;
			sourceTree = "<group>";
		};
		0FCF940C26DD04850092CC49 /* Cell */ = {
			isa = PBXGroup;
			children = (
				0FCF941026DD0A8D0092CC49 /* PokemonListCell.swift */,
			);
			path = Cell;
			sourceTree = "<group>";
		};
		0FCF940D26DD048E0092CC49 /* UI */ = {
			isa = PBXGroup;
			children = (
				0FCF940E26DD04A50092CC49 /* PokemonListCollectionViewFlowLayout.swift */,
			);
			path = UI;
			sourceTree = "<group>";
		};
		0FCF941926DD4A3B0092CC49 /* Views */ = {
			isa = PBXGroup;
			children = (
				0FCF941A26DD4A610092CC49 /* PokemonDetailDescriptionView.swift */,
			);
			path = Views;
			sourceTree = "<group>";
		};
		0FCF941F26DE4F660092CC49 /* Services */ = {
			isa = PBXGroup;
			children = (
				0FCF943026DEB0820092CC49 /* Faved */,
				0FCF942126DE4F6B0092CC49 /* Detail */,
				0FCF942026DE4F690092CC49 /* List */,
			);
			path = Services;
			sourceTree = "<group>";
		};
		0FCF942026DE4F690092CC49 /* List */ = {
			isa = PBXGroup;
			children = (
				0FCF942226DE4F780092CC49 /* PokemonListServiceProtocol.swift */,
				0FCF942426DE4F7E0092CC49 /* PokemonListService.swift */,
			);
			path = List;
			sourceTree = "<group>";
		};
		0FCF942126DE4F6B0092CC49 /* Detail */ = {
			isa = PBXGroup;
			children = (
				0FCF943726DEB2CC0092CC49 /* PokemonDetailServiceProtocol.swift */,
				0FCF943926DEB2D20092CC49 /* PokemonDetailService.swift */,
			);
			path = Detail;
			sourceTree = "<group>";
		};
		0FCF942626DE53150092CC49 /* Requests */ = {
			isa = PBXGroup;
			children = (
				0FCF942826DE531D0092CC49 /* Detail */,
				0FCF942726DE531B0092CC49 /* List */,
			);
			path = Requests;
			sourceTree = "<group>";
		};
		0FCF942726DE531B0092CC49 /* List */ = {
			isa = PBXGroup;
			children = (
				0FCF942926DE53270092CC49 /* PokemonListRequest.swift */,
			);
			path = List;
			sourceTree = "<group>";
		};
		0FCF942826DE531D0092CC49 /* Detail */ = {
			isa = PBXGroup;
			children = (
				0FCF943526DEB2250092CC49 /* PokemonDetailRequest.swift */,
			);
			path = Detail;
			sourceTree = "<group>";
		};
		0FCF943026DEB0820092CC49 /* Faved */ = {
			isa = PBXGroup;
			children = (
				0FCF943126DEB0BA0092CC49 /* PokemonFavedListServiceProtocol.swift */,
				0FCF943326DEB0BF0092CC49 /* PokemonFavedListService.swift */,
			);
			path = Faved;
			sourceTree = "<group>";
		};
		0FCF943B26DEB65D0092CC49 /* ViewModel */ = {
			isa = PBXGroup;
			children = (
				0FCF941626DD1AE60092CC49 /* PokemonDetailViewModel.swift */,
			);
			path = ViewModel;
			sourceTree = "<group>";
		};
		0FCF943C26DEB6690092CC49 /* Controller */ = {
			isa = PBXGroup;
			children = (
				0FCF93B126D94FCD0092CC49 /* PokemonDetailViewControllerDelegate.swift */,
				0FCF93B326D94FD20092CC49 /* PokemonDetailViewController.swift */,
			);
			path = Controller;
			sourceTree = "<group>";
		};
		0FCF943D26DEB6710092CC49 /* Coordinator */ = {
			isa = PBXGroup;
			children = (
				0FCF93AF26D94FC40092CC49 /* PokemonDetailCoordinator.swift */,
			);
			path = Coordinator;
			sourceTree = "<group>";
		};
/* End PBXGroup section */

/* Begin PBXNativeTarget section */
		0FCF936926D91C2B0092CC49 /* AlterSolutionsChallengeApp */ = {
			isa = PBXNativeTarget;
			buildConfigurationList = 0FCF939426D91C2D0092CC49 /* Build configuration list for PBXNativeTarget "AlterSolutionsChallengeApp" */;
			buildPhases = (
				0FCF936626D91C2B0092CC49 /* Sources */,
				0FCF93C826DA686F0092CC49 /* Swift Lint */,
				0FCF936726D91C2B0092CC49 /* Frameworks */,
				0FCF936826D91C2B0092CC49 /* Resources */,
			);
			buildRules = (
			);
			dependencies = (
			);
			name = AlterSolutionsChallengeApp;
			packageProductDependencies = (
				0FCF93C326D9C3170092CC49 /* AlterSolutionsChallengeCore */,
				0FCF93C626DA68150092CC49 /* Kingfisher */,
				0FCF93D526DC26F60092CC49 /* RxSwift */,
			);
			productName = AlterSolutionsChallengeApp;
			productReference = 0FCF936A26D91C2B0092CC49 /* AlterSolutionsChallengeApp.app */;
			productType = "com.apple.product-type.application";
		};
		0FCF937F26D91C2D0092CC49 /* AlterSolutionsChallengeAppTests */ = {
			isa = PBXNativeTarget;
			buildConfigurationList = 0FCF939726D91C2D0092CC49 /* Build configuration list for PBXNativeTarget "AlterSolutionsChallengeAppTests" */;
			buildPhases = (
				0FCF937C26D91C2D0092CC49 /* Sources */,
				0FCF937D26D91C2D0092CC49 /* Frameworks */,
				0FCF937E26D91C2D0092CC49 /* Resources */,
			);
			buildRules = (
			);
			dependencies = (
				0FCF938226D91C2D0092CC49 /* PBXTargetDependency */,
			);
			name = AlterSolutionsChallengeAppTests;
			productName = AlterSolutionsChallengeAppTests;
			productReference = 0FCF938026D91C2D0092CC49 /* AlterSolutionsChallengeAppTests.xctest */;
			productType = "com.apple.product-type.bundle.unit-test";
		};
		0FCF938A26D91C2D0092CC49 /* AlterSolutionsChallengeAppUITests */ = {
			isa = PBXNativeTarget;
			buildConfigurationList = 0FCF939A26D91C2D0092CC49 /* Build configuration list for PBXNativeTarget "AlterSolutionsChallengeAppUITests" */;
			buildPhases = (
				0FCF938726D91C2D0092CC49 /* Sources */,
				0FCF938826D91C2D0092CC49 /* Frameworks */,
				0FCF938926D91C2D0092CC49 /* Resources */,
			);
			buildRules = (
			);
			dependencies = (
				0FCF938D26D91C2D0092CC49 /* PBXTargetDependency */,
			);
			name = AlterSolutionsChallengeAppUITests;
			productName = AlterSolutionsChallengeAppUITests;
			productReference = 0FCF938B26D91C2D0092CC49 /* AlterSolutionsChallengeAppUITests.xctest */;
			productType = "com.apple.product-type.bundle.ui-testing";
		};
/* End PBXNativeTarget section */

/* Begin PBXProject section */
		0FCF936226D91C2B0092CC49 /* Project object */ = {
			isa = PBXProject;
			attributes = {
				LastSwiftUpdateCheck = 1250;
				LastUpgradeCheck = 1250;
				TargetAttributes = {
					0FCF936926D91C2B0092CC49 = {
						CreatedOnToolsVersion = 12.5.1;
					};
					0FCF937F26D91C2D0092CC49 = {
						CreatedOnToolsVersion = 12.5.1;
						TestTargetID = 0FCF936926D91C2B0092CC49;
					};
					0FCF938A26D91C2D0092CC49 = {
						CreatedOnToolsVersion = 12.5.1;
						TestTargetID = 0FCF936926D91C2B0092CC49;
					};
				};
			};
			buildConfigurationList = 0FCF936526D91C2B0092CC49 /* Build configuration list for PBXProject "AlterSolutionsChallengeApp" */;
			compatibilityVersion = "Xcode 9.3";
			developmentRegion = en;
			hasScannedForEncodings = 0;
			knownRegions = (
				en,
				Base,
			);
			mainGroup = 0FCF936126D91C2B0092CC49;
			packageReferences = (
				0FCF93C226D9C3170092CC49 /* XCRemoteSwiftPackageReference "alter-solutions-challenge-core" */,
				0FCF93C526DA68150092CC49 /* XCRemoteSwiftPackageReference "Kingfisher" */,
				0FCF93D426DC26F60092CC49 /* XCRemoteSwiftPackageReference "RxSwift" */,
			);
			productRefGroup = 0FCF936B26D91C2B0092CC49 /* Products */;
			projectDirPath = "";
			projectRoot = "";
			targets = (
				0FCF936926D91C2B0092CC49 /* AlterSolutionsChallengeApp */,
				0FCF937F26D91C2D0092CC49 /* AlterSolutionsChallengeAppTests */,
				0FCF938A26D91C2D0092CC49 /* AlterSolutionsChallengeAppUITests */,
			);
		};
/* End PBXProject section */

/* Begin PBXResourcesBuildPhase section */
		0FCF936826D91C2B0092CC49 /* Resources */ = {
			isa = PBXResourcesBuildPhase;
			buildActionMask = 2147483647;
			files = (
				0FCF937A26D91C2D0092CC49 /* LaunchScreen.storyboard in Resources */,
				0FCF937726D91C2D0092CC49 /* Assets.xcassets in Resources */,
			);
			runOnlyForDeploymentPostprocessing = 0;
		};
		0FCF937E26D91C2D0092CC49 /* Resources */ = {
			isa = PBXResourcesBuildPhase;
			buildActionMask = 2147483647;
			files = (
			);
			runOnlyForDeploymentPostprocessing = 0;
		};
		0FCF938926D91C2D0092CC49 /* Resources */ = {
			isa = PBXResourcesBuildPhase;
			buildActionMask = 2147483647;
			files = (
			);
			runOnlyForDeploymentPostprocessing = 0;
		};
/* End PBXResourcesBuildPhase section */

/* Begin PBXShellScriptBuildPhase section */
		0FCF93C826DA686F0092CC49 /* Swift Lint */ = {
			isa = PBXShellScriptBuildPhase;
			buildActionMask = 2147483647;
			files = (
			);
			inputFileListPaths = (
			);
			inputPaths = (
			);
			name = "Swift Lint";
			outputFileListPaths = (
			);
			outputPaths = (
			);
			runOnlyForDeploymentPostprocessing = 0;
			shellPath = /bin/sh;
			shellScript = "if test -d \"/opt/homebrew/bin/\"; then\n  PATH=\"/opt/homebrew/bin/:${PATH}\"\nfi\n\nexport PATH\n\nif which swiftlint >/dev/null; then\n  swiftlint\nelse\n  echo \"warning: SwiftLint not installed, download from https://github.com/realm/SwiftLint\"\nfi\n";
		};
/* End PBXShellScriptBuildPhase section */

/* Begin PBXSourcesBuildPhase section */
		0FCF936626D91C2B0092CC49 /* Sources */ = {
			isa = PBXSourcesBuildPhase;
			buildActionMask = 2147483647;
			files = (
				0FCF93A526D91EC40092CC49 /* Coordinator.swift in Sources */,
				0FCF941326DD12560092CC49 /* UIImage+extensions.swift in Sources */,
				0FCF93B226D94FCD0092CC49 /* PokemonDetailViewControllerDelegate.swift in Sources */,
				0FCF943426DEB0BF0092CC49 /* PokemonFavedListService.swift in Sources */,
				0FCF942E26DEA1390092CC49 /* LoadingFooterView.swift in Sources */,
				0FCF93B026D94FC40092CC49 /* PokemonDetailCoordinator.swift in Sources */,
				0FCF93EB26DC2C090092CC49 /* ListUseCaseProtocol.swift in Sources */,
				0FCF943826DEB2CC0092CC49 /* PokemonDetailServiceProtocol.swift in Sources */,
				0FCF939F26D91E2C0092CC49 /* AppCoordinator.swift in Sources */,
				0FCF93A126D91E5B0092CC49 /* Environment.swift in Sources */,
				0FCF93D326DAFAFF0092CC49 /* BaseViewController.swift in Sources */,
				0FCF941B26DD4A610092CC49 /* PokemonDetailDescriptionView.swift in Sources */,
				0FCF93E126DC2BDD0092CC49 /* PokemonResponse.swift in Sources */,
				0FCF93C126D9618F0092CC49 /* ScenesFactory.swift in Sources */,
				0FCF93DB26DC27E90092CC49 /* ImageDownloadProtocol.swift in Sources */,
				0FCF940F26DD04A50092CC49 /* PokemonListCollectionViewFlowLayout.swift in Sources */,
				0FCF93CE26DAF9680092CC49 /* ViewState.swift in Sources */,
				0FCF93F626DC32B50092CC49 /* Constants.swift in Sources */,
				0FCF941126DD0A8D0092CC49 /* PokemonListCell.swift in Sources */,
				0FCF941E26DD50AE0092CC49 /* ListableDataView.swift in Sources */,
				0FCF93AC26D94F3D0092CC49 /* PokemonListViewController.swift in Sources */,
				0FCF93B826D950A40092CC49 /* Pokemon.swift in Sources */,
				0FCF93AA26D94F010092CC49 /* PokemonListViewControllerDelegate.swift in Sources */,
				0FCF93F126DC32250092CC49 /* PokemonDetailResponse.swift in Sources */,
				0FCF942A26DE53270092CC49 /* PokemonListRequest.swift in Sources */,
				0FCF93ED26DC2C090092CC49 /* DetailUseCase.swift in Sources */,
				0FCF93FF26DC3AB90092CC49 /* UIColor+extensions.swift in Sources */,
				0FCF943626DEB2250092CC49 /* PokemonDetailRequest.swift in Sources */,
				0FCF93B426D94FD20092CC49 /* PokemonDetailViewController.swift in Sources */,
				0FCF940826DC58AB0092CC49 /* UIButton+extensions.swift in Sources */,
				0FCF941726DD1AE60092CC49 /* PokemonDetailViewModel.swift in Sources */,
				0FCF93D126DAF9E70092CC49 /* BaseNavigationViewController.swift in Sources */,
				0FCF93CB26DA7E520092CC49 /* AlterSolutionsChallengeAppDependencies.swift in Sources */,
				0FCF942326DE4F780092CC49 /* PokemonListServiceProtocol.swift in Sources */,
				0FCF93EC26DC2C090092CC49 /* DetailUseCaseProtocol.swift in Sources */,
				0FCF93BF26D9618C0092CC49 /* ScenesFactoryProtocol.swift in Sources */,
				0FCF93EA26DC2C090092CC49 /* ListUseCase.swift in Sources */,
				0FCF93F926DC34420092CC49 /* String+extensions.swift in Sources */,
				0FCF93D826DC270E0092CC49 /* PokemonListViewModel.swift in Sources */,
				0FCF943226DEB0BA0092CC49 /* PokemonFavedListServiceProtocol.swift in Sources */,
				0FCF93A826D936260092CC49 /* PokemonListCoordinator.swift in Sources */,
				0FCF940626DC51B70092CC49 /* StateView.swift in Sources */,
				0FCF943A26DEB2D20092CC49 /* PokemonDetailService.swift in Sources */,
				0FCF93DE26DC28380092CC49 /* KingfisherImageDownloader.swift in Sources */,
				0FCF940126DC3D310092CC49 /* UIView+extensions.swift in Sources */,
				0FCF93BA26D950A90092CC49 /* PokemonDetail.swift in Sources */,
				0FCF936E26D91C2B0092CC49 /* AppDelegate.swift in Sources */,
				0FCF942526DE4F7E0092CC49 /* PokemonListService.swift in Sources */,
				0FCF941526DD16AC0092CC49 /* UIImageView+extensions.swift in Sources */,
				0FCF943F26DEB6D00092CC49 /* Notification+extensions.swift in Sources */,
				0FCF940326DC3DFB0092CC49 /* Metrics.swift in Sources */,
			);
			runOnlyForDeploymentPostprocessing = 0;
		};
		0FCF937C26D91C2D0092CC49 /* Sources */ = {
			isa = PBXSourcesBuildPhase;
			buildActionMask = 2147483647;
			files = (
				0FCF938526D91C2D0092CC49 /* AlterSolutionsChallengeAppTests.swift in Sources */,
				0FCF93FD26DC35A20092CC49 /* AlterSolutionsChallengeAppExtensionsTests.swift in Sources */,
			);
			runOnlyForDeploymentPostprocessing = 0;
		};
		0FCF938726D91C2D0092CC49 /* Sources */ = {
			isa = PBXSourcesBuildPhase;
			buildActionMask = 2147483647;
			files = (
				0FCF939026D91C2D0092CC49 /* AlterSolutionsChallengeAppUITests.swift in Sources */,
			);
			runOnlyForDeploymentPostprocessing = 0;
		};
/* End PBXSourcesBuildPhase section */

/* Begin PBXTargetDependency section */
		0FCF938226D91C2D0092CC49 /* PBXTargetDependency */ = {
			isa = PBXTargetDependency;
			target = 0FCF936926D91C2B0092CC49 /* AlterSolutionsChallengeApp */;
			targetProxy = 0FCF938126D91C2D0092CC49 /* PBXContainerItemProxy */;
		};
		0FCF938D26D91C2D0092CC49 /* PBXTargetDependency */ = {
			isa = PBXTargetDependency;
			target = 0FCF936926D91C2B0092CC49 /* AlterSolutionsChallengeApp */;
			targetProxy = 0FCF938C26D91C2D0092CC49 /* PBXContainerItemProxy */;
		};
/* End PBXTargetDependency section */

/* Begin PBXVariantGroup section */
		0FCF937826D91C2D0092CC49 /* LaunchScreen.storyboard */ = {
			isa = PBXVariantGroup;
			children = (
				0FCF937926D91C2D0092CC49 /* Base */,
			);
			name = LaunchScreen.storyboard;
			sourceTree = "<group>";
		};
/* End PBXVariantGroup section */

/* Begin XCBuildConfiguration section */
		0FCF939226D91C2D0092CC49 /* Debug */ = {
			isa = XCBuildConfiguration;
			buildSettings = {
				ALWAYS_SEARCH_USER_PATHS = NO;
				CLANG_ANALYZER_NONNULL = YES;
				CLANG_ANALYZER_NUMBER_OBJECT_CONVERSION = YES_AGGRESSIVE;
				CLANG_CXX_LANGUAGE_STANDARD = "gnu++14";
				CLANG_CXX_LIBRARY = "libc++";
				CLANG_ENABLE_MODULES = YES;
				CLANG_ENABLE_OBJC_ARC = YES;
				CLANG_ENABLE_OBJC_WEAK = YES;
				CLANG_WARN_BLOCK_CAPTURE_AUTORELEASING = YES;
				CLANG_WARN_BOOL_CONVERSION = YES;
				CLANG_WARN_COMMA = YES;
				CLANG_WARN_CONSTANT_CONVERSION = YES;
				CLANG_WARN_DEPRECATED_OBJC_IMPLEMENTATIONS = YES;
				CLANG_WARN_DIRECT_OBJC_ISA_USAGE = YES_ERROR;
				CLANG_WARN_DOCUMENTATION_COMMENTS = YES;
				CLANG_WARN_EMPTY_BODY = YES;
				CLANG_WARN_ENUM_CONVERSION = YES;
				CLANG_WARN_INFINITE_RECURSION = YES;
				CLANG_WARN_INT_CONVERSION = YES;
				CLANG_WARN_NON_LITERAL_NULL_CONVERSION = YES;
				CLANG_WARN_OBJC_IMPLICIT_RETAIN_SELF = YES;
				CLANG_WARN_OBJC_LITERAL_CONVERSION = YES;
				CLANG_WARN_OBJC_ROOT_CLASS = YES_ERROR;
				CLANG_WARN_QUOTED_INCLUDE_IN_FRAMEWORK_HEADER = YES;
				CLANG_WARN_RANGE_LOOP_ANALYSIS = YES;
				CLANG_WARN_STRICT_PROTOTYPES = YES;
				CLANG_WARN_SUSPICIOUS_MOVE = YES;
				CLANG_WARN_UNGUARDED_AVAILABILITY = YES_AGGRESSIVE;
				CLANG_WARN_UNREACHABLE_CODE = YES;
				CLANG_WARN__DUPLICATE_METHOD_MATCH = YES;
				COPY_PHASE_STRIP = NO;
				DEBUG_INFORMATION_FORMAT = dwarf;
				ENABLE_STRICT_OBJC_MSGSEND = YES;
				ENABLE_TESTABILITY = YES;
				GCC_C_LANGUAGE_STANDARD = gnu11;
				GCC_DYNAMIC_NO_PIC = NO;
				GCC_NO_COMMON_BLOCKS = YES;
				GCC_OPTIMIZATION_LEVEL = 0;
				GCC_PREPROCESSOR_DEFINITIONS = (
					"DEBUG=1",
					"$(inherited)",
				);
				GCC_WARN_64_TO_32_BIT_CONVERSION = YES;
				GCC_WARN_ABOUT_RETURN_TYPE = YES_ERROR;
				GCC_WARN_UNDECLARED_SELECTOR = YES;
				GCC_WARN_UNINITIALIZED_AUTOS = YES_AGGRESSIVE;
				GCC_WARN_UNUSED_FUNCTION = YES;
				GCC_WARN_UNUSED_VARIABLE = YES;
				IPHONEOS_DEPLOYMENT_TARGET = 14.5;
				MTL_ENABLE_DEBUG_INFO = INCLUDE_SOURCE;
				MTL_FAST_MATH = YES;
				ONLY_ACTIVE_ARCH = YES;
				SDKROOT = iphoneos;
				SWIFT_ACTIVE_COMPILATION_CONDITIONS = DEBUG;
				SWIFT_OPTIMIZATION_LEVEL = "-Onone";
			};
			name = Debug;
		};
		0FCF939326D91C2D0092CC49 /* Release */ = {
			isa = XCBuildConfiguration;
			buildSettings = {
				ALWAYS_SEARCH_USER_PATHS = NO;
				CLANG_ANALYZER_NONNULL = YES;
				CLANG_ANALYZER_NUMBER_OBJECT_CONVERSION = YES_AGGRESSIVE;
				CLANG_CXX_LANGUAGE_STANDARD = "gnu++14";
				CLANG_CXX_LIBRARY = "libc++";
				CLANG_ENABLE_MODULES = YES;
				CLANG_ENABLE_OBJC_ARC = YES;
				CLANG_ENABLE_OBJC_WEAK = YES;
				CLANG_WARN_BLOCK_CAPTURE_AUTORELEASING = YES;
				CLANG_WARN_BOOL_CONVERSION = YES;
				CLANG_WARN_COMMA = YES;
				CLANG_WARN_CONSTANT_CONVERSION = YES;
				CLANG_WARN_DEPRECATED_OBJC_IMPLEMENTATIONS = YES;
				CLANG_WARN_DIRECT_OBJC_ISA_USAGE = YES_ERROR;
				CLANG_WARN_DOCUMENTATION_COMMENTS = YES;
				CLANG_WARN_EMPTY_BODY = YES;
				CLANG_WARN_ENUM_CONVERSION = YES;
				CLANG_WARN_INFINITE_RECURSION = YES;
				CLANG_WARN_INT_CONVERSION = YES;
				CLANG_WARN_NON_LITERAL_NULL_CONVERSION = YES;
				CLANG_WARN_OBJC_IMPLICIT_RETAIN_SELF = YES;
				CLANG_WARN_OBJC_LITERAL_CONVERSION = YES;
				CLANG_WARN_OBJC_ROOT_CLASS = YES_ERROR;
				CLANG_WARN_QUOTED_INCLUDE_IN_FRAMEWORK_HEADER = YES;
				CLANG_WARN_RANGE_LOOP_ANALYSIS = YES;
				CLANG_WARN_STRICT_PROTOTYPES = YES;
				CLANG_WARN_SUSPICIOUS_MOVE = YES;
				CLANG_WARN_UNGUARDED_AVAILABILITY = YES_AGGRESSIVE;
				CLANG_WARN_UNREACHABLE_CODE = YES;
				CLANG_WARN__DUPLICATE_METHOD_MATCH = YES;
				COPY_PHASE_STRIP = NO;
				DEBUG_INFORMATION_FORMAT = "dwarf-with-dsym";
				ENABLE_NS_ASSERTIONS = NO;
				ENABLE_STRICT_OBJC_MSGSEND = YES;
				GCC_C_LANGUAGE_STANDARD = gnu11;
				GCC_NO_COMMON_BLOCKS = YES;
				GCC_WARN_64_TO_32_BIT_CONVERSION = YES;
				GCC_WARN_ABOUT_RETURN_TYPE = YES_ERROR;
				GCC_WARN_UNDECLARED_SELECTOR = YES;
				GCC_WARN_UNINITIALIZED_AUTOS = YES_AGGRESSIVE;
				GCC_WARN_UNUSED_FUNCTION = YES;
				GCC_WARN_UNUSED_VARIABLE = YES;
				IPHONEOS_DEPLOYMENT_TARGET = 14.5;
				MTL_ENABLE_DEBUG_INFO = NO;
				MTL_FAST_MATH = YES;
				SDKROOT = iphoneos;
				SWIFT_COMPILATION_MODE = wholemodule;
				SWIFT_OPTIMIZATION_LEVEL = "-O";
				VALIDATE_PRODUCT = YES;
			};
			name = Release;
		};
		0FCF939526D91C2D0092CC49 /* Debug */ = {
			isa = XCBuildConfiguration;
			buildSettings = {
				ASSETCATALOG_COMPILER_APPICON_NAME = AppIcon;
				ASSETCATALOG_COMPILER_GLOBAL_ACCENT_COLOR_NAME = AccentColor;
				CODE_SIGN_STYLE = Automatic;
				DEVELOPMENT_TEAM = 9QY8PWG4FZ;
				INFOPLIST_FILE = AlterSolutionsChallengeApp/Application/Info.plist;
				LD_RUNPATH_SEARCH_PATHS = (
					"$(inherited)",
					"@executable_path/Frameworks",
				);
				PRODUCT_BUNDLE_IDENTIFIER = com.altersolutions.AlterSolutionsChallengeApp;
				PRODUCT_NAME = "$(TARGET_NAME)";
				SWIFT_VERSION = 5.0;
				TARGETED_DEVICE_FAMILY = "1,2";
			};
			name = Debug;
		};
		0FCF939626D91C2D0092CC49 /* Release */ = {
			isa = XCBuildConfiguration;
			buildSettings = {
				ASSETCATALOG_COMPILER_APPICON_NAME = AppIcon;
				ASSETCATALOG_COMPILER_GLOBAL_ACCENT_COLOR_NAME = AccentColor;
				CODE_SIGN_STYLE = Automatic;
				DEVELOPMENT_TEAM = 9QY8PWG4FZ;
				INFOPLIST_FILE = AlterSolutionsChallengeApp/Application/Info.plist;
				LD_RUNPATH_SEARCH_PATHS = (
					"$(inherited)",
					"@executable_path/Frameworks",
				);
				PRODUCT_BUNDLE_IDENTIFIER = com.altersolutions.AlterSolutionsChallengeApp;
				PRODUCT_NAME = "$(TARGET_NAME)";
				SWIFT_VERSION = 5.0;
				TARGETED_DEVICE_FAMILY = "1,2";
			};
			name = Release;
		};
		0FCF939826D91C2D0092CC49 /* Debug */ = {
			isa = XCBuildConfiguration;
			buildSettings = {
				ALWAYS_EMBED_SWIFT_STANDARD_LIBRARIES = YES;
				BUNDLE_LOADER = "$(TEST_HOST)";
				CODE_SIGN_STYLE = Automatic;
				DEVELOPMENT_TEAM = 9QY8PWG4FZ;
				INFOPLIST_FILE = AlterSolutionsChallengeAppTests/Info.plist;
				IPHONEOS_DEPLOYMENT_TARGET = 14.5;
				LD_RUNPATH_SEARCH_PATHS = (
					"$(inherited)",
					"@executable_path/Frameworks",
					"@loader_path/Frameworks",
				);
				PRODUCT_BUNDLE_IDENTIFIER = com.altersolutions.AlterSolutionsChallengeAppTests;
				PRODUCT_NAME = "$(TARGET_NAME)";
				SWIFT_VERSION = 5.0;
				TARGETED_DEVICE_FAMILY = "1,2";
				TEST_HOST = "$(BUILT_PRODUCTS_DIR)/AlterSolutionsChallengeApp.app/AlterSolutionsChallengeApp";
			};
			name = Debug;
		};
		0FCF939926D91C2D0092CC49 /* Release */ = {
			isa = XCBuildConfiguration;
			buildSettings = {
				ALWAYS_EMBED_SWIFT_STANDARD_LIBRARIES = YES;
				BUNDLE_LOADER = "$(TEST_HOST)";
				CODE_SIGN_STYLE = Automatic;
				DEVELOPMENT_TEAM = 9QY8PWG4FZ;
				INFOPLIST_FILE = AlterSolutionsChallengeAppTests/Info.plist;
				IPHONEOS_DEPLOYMENT_TARGET = 14.5;
				LD_RUNPATH_SEARCH_PATHS = (
					"$(inherited)",
					"@executable_path/Frameworks",
					"@loader_path/Frameworks",
				);
				PRODUCT_BUNDLE_IDENTIFIER = com.altersolutions.AlterSolutionsChallengeAppTests;
				PRODUCT_NAME = "$(TARGET_NAME)";
				SWIFT_VERSION = 5.0;
				TARGETED_DEVICE_FAMILY = "1,2";
				TEST_HOST = "$(BUILT_PRODUCTS_DIR)/AlterSolutionsChallengeApp.app/AlterSolutionsChallengeApp";
			};
			name = Release;
		};
		0FCF939B26D91C2D0092CC49 /* Debug */ = {
			isa = XCBuildConfiguration;
			buildSettings = {
				ALWAYS_EMBED_SWIFT_STANDARD_LIBRARIES = YES;
				CODE_SIGN_STYLE = Automatic;
				DEVELOPMENT_TEAM = 9QY8PWG4FZ;
				INFOPLIST_FILE = AlterSolutionsChallengeAppUITests/Info.plist;
				LD_RUNPATH_SEARCH_PATHS = (
					"$(inherited)",
					"@executable_path/Frameworks",
					"@loader_path/Frameworks",
				);
				PRODUCT_BUNDLE_IDENTIFIER = com.altersolutions.AlterSolutionsChallengeAppUITests;
				PRODUCT_NAME = "$(TARGET_NAME)";
				SWIFT_VERSION = 5.0;
				TARGETED_DEVICE_FAMILY = "1,2";
				TEST_TARGET_NAME = AlterSolutionsChallengeApp;
			};
			name = Debug;
		};
		0FCF939C26D91C2D0092CC49 /* Release */ = {
			isa = XCBuildConfiguration;
			buildSettings = {
				ALWAYS_EMBED_SWIFT_STANDARD_LIBRARIES = YES;
				CODE_SIGN_STYLE = Automatic;
				DEVELOPMENT_TEAM = 9QY8PWG4FZ;
				INFOPLIST_FILE = AlterSolutionsChallengeAppUITests/Info.plist;
				LD_RUNPATH_SEARCH_PATHS = (
					"$(inherited)",
					"@executable_path/Frameworks",
					"@loader_path/Frameworks",
				);
				PRODUCT_BUNDLE_IDENTIFIER = com.altersolutions.AlterSolutionsChallengeAppUITests;
				PRODUCT_NAME = "$(TARGET_NAME)";
				SWIFT_VERSION = 5.0;
				TARGETED_DEVICE_FAMILY = "1,2";
				TEST_TARGET_NAME = AlterSolutionsChallengeApp;
			};
			name = Release;
		};
/* End XCBuildConfiguration section */

/* Begin XCConfigurationList section */
		0FCF936526D91C2B0092CC49 /* Build configuration list for PBXProject "AlterSolutionsChallengeApp" */ = {
			isa = XCConfigurationList;
			buildConfigurations = (
				0FCF939226D91C2D0092CC49 /* Debug */,
				0FCF939326D91C2D0092CC49 /* Release */,
			);
			defaultConfigurationIsVisible = 0;
			defaultConfigurationName = Release;
		};
		0FCF939426D91C2D0092CC49 /* Build configuration list for PBXNativeTarget "AlterSolutionsChallengeApp" */ = {
			isa = XCConfigurationList;
			buildConfigurations = (
				0FCF939526D91C2D0092CC49 /* Debug */,
				0FCF939626D91C2D0092CC49 /* Release */,
			);
			defaultConfigurationIsVisible = 0;
			defaultConfigurationName = Release;
		};
		0FCF939726D91C2D0092CC49 /* Build configuration list for PBXNativeTarget "AlterSolutionsChallengeAppTests" */ = {
			isa = XCConfigurationList;
			buildConfigurations = (
				0FCF939826D91C2D0092CC49 /* Debug */,
				0FCF939926D91C2D0092CC49 /* Release */,
			);
			defaultConfigurationIsVisible = 0;
			defaultConfigurationName = Release;
		};
		0FCF939A26D91C2D0092CC49 /* Build configuration list for PBXNativeTarget "AlterSolutionsChallengeAppUITests" */ = {
			isa = XCConfigurationList;
			buildConfigurations = (
				0FCF939B26D91C2D0092CC49 /* Debug */,
				0FCF939C26D91C2D0092CC49 /* Release */,
			);
			defaultConfigurationIsVisible = 0;
			defaultConfigurationName = Release;
		};
/* End XCConfigurationList section */

/* Begin XCRemoteSwiftPackageReference section */
		0FCF93C226D9C3170092CC49 /* XCRemoteSwiftPackageReference "alter-solutions-challenge-core" */ = {
			isa = XCRemoteSwiftPackageReference;
			repositoryURL = "git@github.com:maclacerda/alter-solutions-challenge-core.git";
			requirement = {
				branch = main;
				kind = branch;
			};
		};
		0FCF93C526DA68150092CC49 /* XCRemoteSwiftPackageReference "Kingfisher" */ = {
			isa = XCRemoteSwiftPackageReference;
			repositoryURL = "git@github.com:onevcat/Kingfisher.git";
			requirement = {
				kind = upToNextMajorVersion;
				minimumVersion = 6.3.1;
			};
		};
		0FCF93D426DC26F60092CC49 /* XCRemoteSwiftPackageReference "RxSwift" */ = {
			isa = XCRemoteSwiftPackageReference;
			repositoryURL = "git@github.com:ReactiveX/RxSwift.git";
			requirement = {
				kind = upToNextMajorVersion;
				minimumVersion = 6.2.0;
			};
		};
/* End XCRemoteSwiftPackageReference section */

/* Begin XCSwiftPackageProductDependency section */
		0FCF93C326D9C3170092CC49 /* AlterSolutionsChallengeCore */ = {
			isa = XCSwiftPackageProductDependency;
			package = 0FCF93C226D9C3170092CC49 /* XCRemoteSwiftPackageReference "alter-solutions-challenge-core" */;
			productName = AlterSolutionsChallengeCore;
		};
		0FCF93C626DA68150092CC49 /* Kingfisher */ = {
			isa = XCSwiftPackageProductDependency;
			package = 0FCF93C526DA68150092CC49 /* XCRemoteSwiftPackageReference "Kingfisher" */;
			productName = Kingfisher;
		};
		0FCF93D526DC26F60092CC49 /* RxSwift */ = {
			isa = XCSwiftPackageProductDependency;
			package = 0FCF93D426DC26F60092CC49 /* XCRemoteSwiftPackageReference "RxSwift" */;
			productName = RxSwift;
		};
/* End XCSwiftPackageProductDependency section */
	};
	rootObject = 0FCF936226D91C2B0092CC49 /* Project object */;
}
